
Microsoft Visual Studio Solution File, Format Version 12.00
# Visual Studio 15
VisualStudioVersion = 15.0.28307.1525
MinimumVisualStudioVersion = 10.0.40219.1
Project("{FAE04EC0-301F-11D3-BF4B-00C04F79EFBC}") = "PutraJayaWebApps", "PutraJayaWebApps\PutraJayaWebApps.csproj", "{6B7BF97A-919D-46E1-AA03-22B4828EF474}"
EndProject
Global
	GlobalSection(SolutionConfigurationPlatforms) = preSolution
		Debug|Any CPU = Debug|Any CPU
		Release|Any CPU = Release|Any CPU
	EndGlobalSection
	GlobalSection(ProjectConfigurationPlatforms) = postSolution
		{6B7BF97A-919D-46E1-AA03-22B4828EF474}.Debug|Any CPU.ActiveCfg = Debug|Any CPU
		{6B7BF97A-919D-46E1-AA03-22B4828EF474}.Debug|Any CPU.Build.0 = Debug|Any CPU
		{6B7BF97A-919D-46E1-AA03-22B4828EF474}.Release|Any CPU.ActiveCfg = Release|Any CPU
		{6B7BF97A-919D-46E1-AA03-22B4828EF474}.Release|Any CPU.Build.0 = Release|Any CPU
	EndGlobalSection
	GlobalSection(SolutionProperties) = preSolution
		HideSolutionNode = FALSE
	EndGlobalSection
	GlobalSection(ExtensibilityGlobals) = postSolution
		SolutionGuid = {A2B1006A-BC9D-4988-BB2B-F3FA0DD1F15F}
	EndGlobalSection
EndGlobal
